{
  "name": "divcibarski-raj",
  "version": "1.0.0",
  "lockfileVersion": 3,
  "requires": true,
  "packages": {
    "": {
      "name": "divcibarski-raj",
      "version": "1.0.0",
      "license": "ISC",
      "dependencies": {
        "smtp": "^0.1.4"
      }
    },
    "node_modules/smtp": {
      "version": "0.1.4",
      "resolved": "https://registry.npmjs.org/smtp/-/smtp-0.1.4.tgz",
      "integrity": "sha512-9keHq40r4T+Ji/qnqG0KaIlGEKuM3ukPUlh+KWaYiJhlIYgYw3T/IhgL16WNExs5YmEGozFnUYKTq71ZEO3Ciw==",
      "bin": {
        "smtpd": "bin/smtpd"
      },
      "engines": {
        "node": "0.4.x || 0.5.x"
      }
    }
  }
}
